
Microsoft Visual Studio Solution File, Format Version 12.00
# Visual Studio 14
VisualStudioVersion = 14.0.25420.1
MinimumVisualStudioVersion = 10.0.40219.1
Project("{FAE04EC0-301F-11D3-BF4B-00C04F79EFBC}") = "Project3", "Project3\Project3.csproj", "{1D765AD4-9F3F-4935-959C-54CAF7560155}"
EndProject
Project("{FAE04EC0-301F-11D3-BF4B-00C04F79EFBC}") = "TryIt22", "TryIt22\TryIt22.csproj", "{34E58C90-6937-48A4-ADA4-3A810928B9A5}"
	ProjectSection(ProjectDependencies) = postProject
		{1D765AD4-9F3F-4935-959C-54CAF7560155} = {1D765AD4-9F3F-4935-959C-54CAF7560155}
	EndProjectSection
EndProject
Global
	GlobalSection(SolutionConfigurationPlatforms) = preSolution
		Debug|Any CPU = Debug|Any CPU
		Release|Any CPU = Release|Any CPU
	EndGlobalSection
	GlobalSection(ProjectConfigurationPlatforms) = postSolution
		{1D765AD4-9F3F-4935-959C-54CAF7560155}.Debug|Any CPU.ActiveCfg = Debug|Any CPU
		{1D765AD4-9F3F-4935-959C-54CAF7560155}.Debug|Any CPU.Build.0 = Debug|Any CPU
		{1D765AD4-9F3F-4935-959C-54CAF7560155}.Release|Any CPU.ActiveCfg = Release|Any CPU
		{1D765AD4-9F3F-4935-959C-54CAF7560155}.Release|Any CPU.Build.0 = Release|Any CPU
		{34E58C90-6937-48A4-ADA4-3A810928B9A5}.Debug|Any CPU.ActiveCfg = Debug|Any CPU
		{34E58C90-6937-48A4-ADA4-3A810928B9A5}.Debug|Any CPU.Build.0 = Debug|Any CPU
		{34E58C90-6937-48A4-ADA4-3A810928B9A5}.Release|Any CPU.ActiveCfg = Release|Any CPU
		{34E58C90-6937-48A4-ADA4-3A810928B9A5}.Release|Any CPU.Build.0 = Release|Any CPU
	EndGlobalSection
	GlobalSection(SolutionProperties) = preSolution
		HideSolutionNode = FALSE
	EndGlobalSection
EndGlobal
